// !$*UTF8*$!
{
	archiveVersion = 1;
	classes = {
	};
	objectVersion = 77;
	objects = {

/* Begin PBXContainerItemProxy section */
		0EB23B862CC78AE9009FD211 /* PBXContainerItemProxy */ = {
			isa = PBXContainerItemProxy;
			containerPortal = 0EB23B6D2CC78AE1009FD211 /* Project object */;
			proxyType = 1;
			remoteGlobalIDString = 0EB23B742CC78AE2009FD211;
			remoteInfo = ScanIBAN;
		};
		0EB23B902CC78AE9009FD211 /* PBXContainerItemProxy */ = {
			isa = PBXContainerItemProxy;
			containerPortal = 0EB23B6D2CC78AE1009FD211 /* Project object */;
			proxyType = 1;
			remoteGlobalIDString = 0EB23B742CC78AE2009FD211;
			remoteInfo = ScanIBAN;
		};
/* End PBXContainerItemProxy section */

/* Begin PBXFileReference section */
		0EB23B752CC78AE2009FD211 /* ScanIBAN.app */ = {isa = PBXFileReference; explicitFileType = wrapper.application; includeInIndex = 0; path = ScanIBAN.app; sourceTree = BUILT_PRODUCTS_DIR; };
		0EB23B852CC78AE9009FD211 /* ScanIBANTests.xctest */ = {isa = PBXFileReference; explicitFileType = wrapper.cfbundle; includeInIndex = 0; path = ScanIBANTests.xctest; sourceTree = BUILT_PRODUCTS_DIR; };
		0EB23B8F2CC78AE9009FD211 /* ScanIBANUITests.xctest */ = {isa = PBXFileReference; explicitFileType = wrapper.cfbundle; includeInIndex = 0; path = ScanIBANUITests.xctest; sourceTree = BUILT_PRODUCTS_DIR; };
/* End PBXFileReference section */

/* Begin PBXFileSystemSynchronizedRootGroup section */
		0EB23B772CC78AE2009FD211 /* ScanIBAN */ = {
			isa = PBXFileSystemSynchronizedRootGroup;
			path = ScanIBAN;
			sourceTree = "<group>";
		};
		0EB23B882CC78AE9009FD211 /* ScanIBANTests */ = {
			isa = PBXFileSystemSynchronizedRootGroup;
			path = ScanIBANTests;
			sourceTree = "<group>";
		};
		0EB23B922CC78AE9009FD211 /* ScanIBANUITests */ = {
			isa = PBXFileSystemSynchronizedRootGroup;
			path = ScanIBANUITests;
			sourceTree = "<group>";
		};
/* End PBXFileSystemSynchronizedRootGroup section */

/* Begin PBXFrameworksBuildPhase section */
		0EB23B722CC78AE2009FD211 /* Frameworks */ = {
			isa = PBXFrameworksBuildPhase;
			buildActionMask = 2147483647;
			files = (
			);
			runOnlyForDeploymentPostprocessing = 0;
		};
		0EB23B822CC78AE9009FD211 /* Frameworks */ = {
			isa = PBXFrameworksBuildPhase;
			buildActionMask = 2147483647;
			files = (
			);
			runOnlyForDeploymentPostprocessing = 0;
		};
		0EB23B8C2CC78AE9009FD211 /* Frameworks */ = {
			isa = PBXFrameworksBuildPhase;
			buildActionMask = 2147483647;
			files = (
			);
			runOnlyForDeploymentPostprocessing = 0;
		};
/* End PBXFrameworksBuildPhase section */

/* Begin PBXGroup section */
		0EB23B6C2CC78AE1009FD211 = {
			isa = PBXGroup;
			children = (
				0EB23B772CC78AE2009FD211 /* ScanIBAN */,
				0EB23B882CC78AE9009FD211 /* ScanIBANTests */,
				0EB23B922CC78AE9009FD211 /* ScanIBANUITests */,
				0EB23B762CC78AE2009FD211 /* Products */,
			);
			sourceTree = "<group>";
		};
		0EB23B762CC78AE2009FD211 /* Products */ = {
			isa = PBXGroup;
			children = (
				0EB23B752CC78AE2009FD211 /* ScanIBAN.app */,
				0EB23B852CC78AE9009FD211 /* ScanIBANTests.xctest */,
				0EB23B8F2CC78AE9009FD211 /* ScanIBANUITests.xctest */,
			);
			name = Products;
			sourceTree = "<group>";
		};
/* End PBXGroup section */

/* Begin PBXNativeTarget section */
		0EB23B742CC78AE2009FD211 /* ScanIBAN */ = {
			isa = PBXNativeTarget;
			buildConfigurationList = 0EB23B992CC78AE9009FD211 /* Build configuration list for PBXNativeTarget "ScanIBAN" */;
			buildPhases = (
				0EB23B712CC78AE2009FD211 /* Sources */,
				0EB23B722CC78AE2009FD211 /* Frameworks */,
				0EB23B732CC78AE2009FD211 /* Resources */,
			);
			buildRules = (
			);
			dependencies = (
			);
			fileSystemSynchronizedGroups = (
				0EB23B772CC78AE2009FD211 /* ScanIBAN */,
			);
			name = ScanIBAN;
			packageProductDependencies = (
			);
			productName = ScanIBAN;
			productReference = 0EB23B752CC78AE2009FD211 /* ScanIBAN.app */;
			productType = "com.apple.product-type.application";
		};
		0EB23B842CC78AE9009FD211 /* ScanIBANTests */ = {
			isa = PBXNativeTarget;
			buildConfigurationList = 0EB23B9C2CC78AE9009FD211 /* Build configuration list for PBXNativeTarget "ScanIBANTests" */;
			buildPhases = (
				0EB23B812CC78AE9009FD211 /* Sources */,
				0EB23B822CC78AE9009FD211 /* Frameworks */,
				0EB23B832CC78AE9009FD211 /* Resources */,
			);
			buildRules = (
			);
			dependencies = (
				0EB23B872CC78AE9009FD211 /* PBXTargetDependency */,
			);
			fileSystemSynchronizedGroups = (
				0EB23B882CC78AE9009FD211 /* ScanIBANTests */,
			);
			name = ScanIBANTests;
			packageProductDependencies = (
			);
			productName = ScanIBANTests;
			productReference = 0EB23B852CC78AE9009FD211 /* ScanIBANTests.xctest */;
			productType = "com.apple.product-type.bundle.unit-test";
		};
		0EB23B8E2CC78AE9009FD211 /* ScanIBANUITests */ = {
			isa = PBXNativeTarget;
			buildConfigurationList = 0EB23B9F2CC78AE9009FD211 /* Build configuration list for PBXNativeTarget "ScanIBANUITests" */;
			buildPhases = (
				0EB23B8B2CC78AE9009FD211 /* Sources */,
				0EB23B8C2CC78AE9009FD211 /* Frameworks */,
				0EB23B8D2CC78AE9009FD211 /* Resources */,
			);
			buildRules = (
			);
			dependencies = (
				0EB23B912CC78AE9009FD211 /* PBXTargetDependency */,
			);
			fileSystemSynchronizedGroups = (
				0EB23B922CC78AE9009FD211 /* ScanIBANUITests */,
			);
			name = ScanIBANUITests;
			packageProductDependencies = (
			);
			productName = ScanIBANUITests;
			productReference = 0EB23B8F2CC78AE9009FD211 /* ScanIBANUITests.xctest */;
			productType = "com.apple.product-type.bundle.ui-testing";
		};
/* End PBXNativeTarget section */

/* Begin PBXProject section */
		0EB23B6D2CC78AE1009FD211 /* Project object */ = {
			isa = PBXProject;
			attributes = {
				BuildIndependentTargetsInParallel = 1;
				LastSwiftUpdateCheck = 1600;
				LastUpgradeCheck = 1600;
				TargetAttributes = {
					0EB23B742CC78AE2009FD211 = {
						CreatedOnToolsVersion = 16.0;
					};
					0EB23B842CC78AE9009FD211 = {
						CreatedOnToolsVersion = 16.0;
						TestTargetID = 0EB23B742CC78AE2009FD211;
					};
					0EB23B8E2CC78AE9009FD211 = {
						CreatedOnToolsVersion = 16.0;
						TestTargetID = 0EB23B742CC78AE2009FD211;
					};
				};
			};
			buildConfigurationList = 0EB23B702CC78AE1009FD211 /* Build configuration list for PBXProject "ScanIBAN" */;
			developmentRegion = en;
			hasScannedForEncodings = 0;
			knownRegions = (
				en,
				Base,
			);
			mainGroup = 0EB23B6C2CC78AE1009FD211;
			minimizedProjectReferenceProxies = 1;
			preferredProjectObjectVersion = 77;
			productRefGroup = 0EB23B762CC78AE2009FD211 /* Products */;
			projectDirPath = "";
			projectRoot = "";
			targets = (
				0EB23B742CC78AE2009FD211 /* ScanIBAN */,
				0EB23B842CC78AE9009FD211 /* ScanIBANTests */,
				0EB23B8E2CC78AE9009FD211 /* ScanIBANUITests */,
			);
		};
/* End PBXProject section */

/* Begin PBXResourcesBuildPhase section */
		0EB23B732CC78AE2009FD211 /* Resources */ = {
			isa = PBXResourcesBuildPhase;
			buildActionMask = 2147483647;
			files = (
			);
			runOnlyForDeploymentPostprocessing = 0;
		};
		0EB23B832CC78AE9009FD211 /* Resources */ = {
			isa = PBXResourcesBuildPhase;
			buildActionMask = 2147483647;
			files = (
			);
			runOnlyForDeploymentPostprocessing = 0;
		};
		0EB23B8D2CC78AE9009FD211 /* Resources */ = {
			isa = PBXResourcesBuildPhase;
			buildActionMask = 2147483647;
			files = (
			);
			runOnlyForDeploymentPostprocessing = 0;
		};
/* End PBXResourcesBuildPhase section */

/* Begin PBXSourcesBuildPhase section */
		0EB23B712CC78AE2009FD211 /* Sources */ = {
			isa = PBXSourcesBuildPhase;
			buildActionMask = 2147483647;
			files = (
			);
			runOnlyForDeploymentPostprocessing = 0;
		};
		0EB23B812CC78AE9009FD211 /* Sources */ = {
			isa = PBXSourcesBuildPhase;
			buildActionMask = 2147483647;
			files = (
			);
			runOnlyForDeploymentPostprocessing = 0;
		};
		0EB23B8B2CC78AE9009FD211 /* Sources */ = {
			isa = PBXSourcesBuildPhase;
			buildActionMask = 2147483647;
			files = (
			);
			runOnlyForDeploymentPostprocessing = 0;
		};
/* End PBXSourcesBuildPhase section */

/* Begin PBXTargetDependency section */
		0EB23B872CC78AE9009FD211 /* PBXTargetDependency */ = {
			isa = PBXTargetDependency;
			target = 0EB23B742CC78AE2009FD211 /* ScanIBAN */;
			targetProxy = 0EB23B862CC78AE9009FD211 /* PBXContainerItemProxy */;
		};
		0EB23B912CC78AE9009FD211 /* PBXTargetDependency */ = {
			isa = PBXTargetDependency;
			target = 0EB23B742CC78AE2009FD211 /* ScanIBAN */;
			targetProxy = 0EB23B902CC78AE9009FD211 /* PBXContainerItemProxy */;
		};
/* End PBXTargetDependency section */

/* Begin XCBuildConfiguration section */
		0EB23B972CC78AE9009FD211 /* Debug */ = {
			isa = XCBuildConfiguration;
			buildSettings = {
				ALWAYS_SEARCH_USER_PATHS = NO;
				ASSETCATALOG_COMPILER_GENERATE_SWIFT_ASSET_SYMBOL_EXTENSIONS = YES;
				CLANG_ANALYZER_NONNULL = YES;
				CLANG_ANALYZER_NUMBER_OBJECT_CONVERSION = YES_AGGRESSIVE;
				CLANG_CXX_LANGUAGE_STANDARD = "gnu++20";
				CLANG_ENABLE_MODULES = YES;
				CLANG_ENABLE_OBJC_ARC = YES;
				CLANG_ENABLE_OBJC_WEAK = YES;
				CLANG_WARN_BLOCK_CAPTURE_AUTORELEASING = YES;
				CLANG_WARN_BOOL_CONVERSION = YES;
				CLANG_WARN_COMMA = YES;
				CLANG_WARN_CONSTANT_CONVERSION = YES;
				CLANG_WARN_DEPRECATED_OBJC_IMPLEMENTATIONS = YES;
				CLANG_WARN_DIRECT_OBJC_ISA_USAGE = YES_ERROR;
				CLANG_WARN_DOCUMENTATION_COMMENTS = YES;
				CLANG_WARN_EMPTY_BODY = YES;
				CLANG_WARN_ENUM_CONVERSION = YES;
				CLANG_WARN_INFINITE_RECURSION = YES;
				CLANG_WARN_INT_CONVERSION = YES;
				CLANG_WARN_NON_LITERAL_NULL_CONVERSION = YES;
				CLANG_WARN_OBJC_IMPLICIT_RETAIN_SELF = YES;
				CLANG_WARN_OBJC_LITERAL_CONVERSION = YES;
				CLANG_WARN_OBJC_ROOT_CLASS = YES_ERROR;
				CLANG_WARN_QUOTED_INCLUDE_IN_FRAMEWORK_HEADER = YES;
				CLANG_WARN_RANGE_LOOP_ANALYSIS = YES;
				CLANG_WARN_STRICT_PROTOTYPES = YES;
				CLANG_WARN_SUSPICIOUS_MOVE = YES;
				CLANG_WARN_UNGUARDED_AVAILABILITY = YES_AGGRESSIVE;
				CLANG_WARN_UNREACHABLE_CODE = YES;
				CLANG_WARN__DUPLICATE_METHOD_MATCH = YES;
				COPY_PHASE_STRIP = NO;
				DEBUG_INFORMATION_FORMAT = dwarf;
				ENABLE_STRICT_OBJC_MSGSEND = YES;
				ENABLE_TESTABILITY = YES;
				ENABLE_USER_SCRIPT_SANDBOXING = YES;
				GCC_C_LANGUAGE_STANDARD = gnu17;
				GCC_DYNAMIC_NO_PIC = NO;
				GCC_NO_COMMON_BLOCKS = YES;
				GCC_OPTIMIZATION_LEVEL = 0;
				GCC_PREPROCESSOR_DEFINITIONS = (
					"DEBUG=1",
					"$(inherited)",
				);
				GCC_WARN_64_TO_32_BIT_CONVERSION = YES;
				GCC_WARN_ABOUT_RETURN_TYPE = YES_ERROR;
				GCC_WARN_UNDECLARED_SELECTOR = YES;
				GCC_WARN_UNINITIALIZED_AUTOS = YES_AGGRESSIVE;
				GCC_WARN_UNUSED_FUNCTION = YES;
				GCC_WARN_UNUSED_VARIABLE = YES;
				IPHONEOS_DEPLOYMENT_TARGET = 18.0;
				LOCALIZATION_PREFERS_STRING_CATALOGS = YES;
				MTL_ENABLE_DEBUG_INFO = INCLUDE_SOURCE;
				MTL_FAST_MATH = YES;
				ONLY_ACTIVE_ARCH = YES;
				SDKROOT = iphoneos;
				SWIFT_ACTIVE_COMPILATION_CONDITIONS = "DEBUG $(inherited)";
				SWIFT_OPTIMIZATION_LEVEL = "-Onone";
			};
			name = Debug;
		};
		0EB23B982CC78AE9009FD211 /* Release */ = {
			isa = XCBuildConfiguration;
			buildSettings = {
				ALWAYS_SEARCH_USER_PATHS = NO;
				ASSETCATALOG_COMPILER_GENERATE_SWIFT_ASSET_SYMBOL_EXTENSIONS = YES;
				CLANG_ANALYZER_NONNULL = YES;
				CLANG_ANALYZER_NUMBER_OBJECT_CONVERSION = YES_AGGRESSIVE;
				CLANG_CXX_LANGUAGE_STANDARD = "gnu++20";
				CLANG_ENABLE_MODULES = YES;
				CLANG_ENABLE_OBJC_ARC = YES;
				CLANG_ENABLE_OBJC_WEAK = YES;
				CLANG_WARN_BLOCK_CAPTURE_AUTORELEASING = YES;
				CLANG_WARN_BOOL_CONVERSION = YES;
				CLANG_WARN_COMMA = YES;
				CLANG_WARN_CONSTANT_CONVERSION = YES;
				CLANG_WARN_DEPRECATED_OBJC_IMPLEMENTATIONS = YES;
				CLANG_WARN_DIRECT_OBJC_ISA_USAGE = YES_ERROR;
				CLANG_WARN_DOCUMENTATION_COMMENTS = YES;
				CLANG_WARN_EMPTY_BODY = YES;
				CLANG_WARN_ENUM_CONVERSION = YES;
				CLANG_WARN_INFINITE_RECURSION = YES;
				CLANG_WARN_INT_CONVERSION = YES;
				CLANG_WARN_NON_LITERAL_NULL_CONVERSION = YES;
				CLANG_WARN_OBJC_IMPLICIT_RETAIN_SELF = YES;
				CLANG_WARN_OBJC_LITERAL_CONVERSION = YES;
				CLANG_WARN_OBJC_ROOT_CLASS = YES_ERROR;
				CLANG_WARN_QUOTED_INCLUDE_IN_FRAMEWORK_HEADER = YES;
				CLANG_WARN_RANGE_LOOP_ANALYSIS = YES;
				CLANG_WARN_STRICT_PROTOTYPES = YES;
				CLANG_WARN_SUSPICIOUS_MOVE = YES;
				CLANG_WARN_UNGUARDED_AVAILABILITY = YES_AGGRESSIVE;
				CLANG_WARN_UNREACHABLE_CODE = YES;
				CLANG_WARN__DUPLICATE_METHOD_MATCH = YES;
				COPY_PHASE_STRIP = NO;
				DEBUG_INFORMATION_FORMAT = "dwarf-with-dsym";
				ENABLE_NS_ASSERTIONS = NO;
				ENABLE_STRICT_OBJC_MSGSEND = YES;
				ENABLE_USER_SCRIPT_SANDBOXING = YES;
				GCC_C_LANGUAGE_STANDARD = gnu17;
				GCC_NO_COMMON_BLOCKS = YES;
				GCC_WARN_64_TO_32_BIT_CONVERSION = YES;
				GCC_WARN_ABOUT_RETURN_TYPE = YES_ERROR;
				GCC_WARN_UNDECLARED_SELECTOR = YES;
				GCC_WARN_UNINITIALIZED_AUTOS = YES_AGGRESSIVE;
				GCC_WARN_UNUSED_FUNCTION = YES;
				GCC_WARN_UNUSED_VARIABLE = YES;
				IPHONEOS_DEPLOYMENT_TARGET = 18.0;
				LOCALIZATION_PREFERS_STRING_CATALOGS = YES;
				MTL_ENABLE_DEBUG_INFO = NO;
				MTL_FAST_MATH = YES;
				SDKROOT = iphoneos;
				SWIFT_COMPILATION_MODE = wholemodule;
				VALIDATE_PRODUCT = YES;
			};
			name = Release;
		};
		0EB23B9A2CC78AE9009FD211 /* Debug */ = {
			isa = XCBuildConfiguration;
			buildSettings = {
				ASSETCATALOG_COMPILER_APPICON_NAME = AppIcon;
				ASSETCATALOG_COMPILER_GLOBAL_ACCENT_COLOR_NAME = AccentColor;
				CODE_SIGN_STYLE = Automatic;
				CURRENT_PROJECT_VERSION = 1;
				DEVELOPMENT_ASSET_PATHS = "\"ScanIBAN/Preview Content\"";
				DEVELOPMENT_TEAM = 4TK8WJTN3C;
				ENABLE_PREVIEWS = YES;
				GENERATE_INFOPLIST_FILE = YES;
				INFOPLIST_KEY_NSCameraUsageDescription = "L'application utilise la caméra pour scanner des IBAN.";
				INFOPLIST_KEY_UIApplicationSceneManifest_Generation = YES;
				INFOPLIST_KEY_UIApplicationSupportsIndirectInputEvents = YES;
				INFOPLIST_KEY_UILaunchScreen_Generation = YES;
				INFOPLIST_KEY_UISupportedInterfaceOrientations_iPad = "UIInterfaceOrientationPortrait UIInterfaceOrientationPortraitUpsideDown UIInterfaceOrientationLandscapeLeft UIInterfaceOrientationLandscapeRight";
				INFOPLIST_KEY_UISupportedInterfaceOrientations_iPhone = "UIInterfaceOrientationPortrait UIInterfaceOrientationLandscapeLeft UIInterfaceOrientationLandscapeRight";
				IPHONEOS_DEPLOYMENT_TARGET = 17.6;
				LD_RUNPATH_SEARCH_PATHS = (
					"$(inherited)",
					"@executable_path/Frameworks",
				);
				MARKETING_VERSION = 1.0;
				PRODUCT_BUNDLE_IDENTIFIER = walid.ScanIBAN;
				PRODUCT_NAME = "$(TARGET_NAME)";
				SWIFT_EMIT_LOC_STRINGS = YES;
				SWIFT_VERSION = 5.0;
				TARGETED_DEVICE_FAMILY = "1,2";
			};
			name = Debug;
		};
		0EB23B9B2CC78AE9009FD211 /* Release */ = {
			isa = XCBuildConfiguration;
			buildSettings = {
				ASSETCATALOG_COMPILER_APPICON_NAME = AppIcon;
				ASSETCATALOG_COMPILER_GLOBAL_ACCENT_COLOR_NAME = AccentColor;
				CODE_SIGN_STYLE = Automatic;
				CURRENT_PROJECT_VERSION = 1;
				DEVELOPMENT_ASSET_PATHS = "\"ScanIBAN/Preview Content\"";
				DEVELOPMENT_TEAM = 4TK8WJTN3C;
				ENABLE_PREVIEWS = YES;
				GENERATE_INFOPLIST_FILE = YES;
				INFOPLIST_KEY_NSCameraUsageDescription = "L'application utilise la caméra pour scanner des IBAN.";
				INFOPLIST_KEY_UIApplicationSceneManifest_Generation = YES;
				INFOPLIST_KEY_UIApplicationSupportsIndirectInputEvents = YES;
				INFOPLIST_KEY_UILaunchScreen_Generation = YES;
				INFOPLIST_KEY_UISupportedInterfaceOrientations_iPad = "UIInterfaceOrientationPortrait UIInterfaceOrientationPortraitUpsideDown UIInterfaceOrientationLandscapeLeft UIInterfaceOrientationLandscapeRight";
				INFOPLIST_KEY_UISupportedInterfaceOrientations_iPhone = "UIInterfaceOrientationPortrait UIInterfaceOrientationLandscapeLeft UIInterfaceOrientationLandscapeRight";
				IPHONEOS_DEPLOYMENT_TARGET = 17.6;
				LD_RUNPATH_SEARCH_PATHS = (
					"$(inherited)",
					"@executable_path/Frameworks",
				);
				MARKETING_VERSION = 1.0;
				PRODUCT_BUNDLE_IDENTIFIER = walid.ScanIBAN;
				PRODUCT_NAME = "$(TARGET_NAME)";
				SWIFT_EMIT_LOC_STRINGS = YES;
				SWIFT_VERSION = 5.0;
				TARGETED_DEVICE_FAMILY = "1,2";
			};
			name = Release;
		};
		0EB23B9D2CC78AE9009FD211 /* Debug */ = {
			isa = XCBuildConfiguration;
			buildSettings = {
				BUNDLE_LOADER = "$(TEST_HOST)";
				CODE_SIGN_STYLE = Automatic;
				CURRENT_PROJECT_VERSION = 1;
				GENERATE_INFOPLIST_FILE = YES;
				IPHONEOS_DEPLOYMENT_TARGET = 18.0;
				MARKETING_VERSION = 1.0;
				PRODUCT_BUNDLE_IDENTIFIER = walid.ScanIBANTests;
				PRODUCT_NAME = "$(TARGET_NAME)";
				SWIFT_EMIT_LOC_STRINGS = NO;
				SWIFT_VERSION = 5.0;
				TARGETED_DEVICE_FAMILY = "1,2";
				TEST_HOST = "$(BUILT_PRODUCTS_DIR)/ScanIBAN.app/$(BUNDLE_EXECUTABLE_FOLDER_PATH)/ScanIBAN";
			};
			name = Debug;
		};
		0EB23B9E2CC78AE9009FD211 /* Release */ = {
			isa = XCBuildConfiguration;
			buildSettings = {
				BUNDLE_LOADER = "$(TEST_HOST)";
				CODE_SIGN_STYLE = Automatic;
				CURRENT_PROJECT_VERSION = 1;
				GENERATE_INFOPLIST_FILE = YES;
				IPHONEOS_DEPLOYMENT_TARGET = 18.0;
				MARKETING_VERSION = 1.0;
				PRODUCT_BUNDLE_IDENTIFIER = walid.ScanIBANTests;
				PRODUCT_NAME = "$(TARGET_NAME)";
				SWIFT_EMIT_LOC_STRINGS = NO;
				SWIFT_VERSION = 5.0;
				TARGETED_DEVICE_FAMILY = "1,2";
				TEST_HOST = "$(BUILT_PRODUCTS_DIR)/ScanIBAN.app/$(BUNDLE_EXECUTABLE_FOLDER_PATH)/ScanIBAN";
			};
			name = Release;
		};
		0EB23BA02CC78AE9009FD211 /* Debug */ = {
			isa = XCBuildConfiguration;
			buildSettings = {
				CODE_SIGN_STYLE = Automatic;
				CURRENT_PROJECT_VERSION = 1;
				GENERATE_INFOPLIST_FILE = YES;
				MARKETING_VERSION = 1.0;
				PRODUCT_BUNDLE_IDENTIFIER = walid.ScanIBANUITests;
				PRODUCT_NAME = "$(TARGET_NAME)";
				SWIFT_EMIT_LOC_STRINGS = NO;
				SWIFT_VERSION = 5.0;
				TARGETED_DEVICE_FAMILY = "1,2";
				TEST_TARGET_NAME = ScanIBAN;
			};
			name = Debug;
		};
		0EB23BA12CC78AE9009FD211 /* Release */ = {
			isa = XCBuildConfiguration;
			buildSettings = {
				CODE_SIGN_STYLE = Automatic;
				CURRENT_PROJECT_VERSION = 1;
				GENERATE_INFOPLIST_FILE = YES;
				MARKETING_VERSION = 1.0;
				PRODUCT_BUNDLE_IDENTIFIER = walid.ScanIBANUITests;
				PRODUCT_NAME = "$(TARGET_NAME)";
				SWIFT_EMIT_LOC_STRINGS = NO;
				SWIFT_VERSION = 5.0;
				TARGETED_DEVICE_FAMILY = "1,2";
				TEST_TARGET_NAME = ScanIBAN;
			};
			name = Release;
		};
/* End XCBuildConfiguration section */

/* Begin XCConfigurationList section */
		0EB23B702CC78AE1009FD211 /* Build configuration list for PBXProject "ScanIBAN" */ = {
			isa = XCConfigurationList;
			buildConfigurations = (
				0EB23B972CC78AE9009FD211 /* Debug */,
				0EB23B982CC78AE9009FD211 /* Release */,
			);
			defaultConfigurationIsVisible = 0;
			defaultConfigurationName = Release;
		};
		0EB23B992CC78AE9009FD211 /* Build configuration list for PBXNativeTarget "ScanIBAN" */ = {
			isa = XCConfigurationList;
			buildConfigurations = (
				0EB23B9A2CC78AE9009FD211 /* Debug */,
				0EB23B9B2CC78AE9009FD211 /* Release */,
			);
			defaultConfigurationIsVisible = 0;
			defaultConfigurationName = Release;
		};
		0EB23B9C2CC78AE9009FD211 /* Build configuration list for PBXNativeTarget "ScanIBANTests" */ = {
			isa = XCConfigurationList;
			buildConfigurations = (
				0EB23B9D2CC78AE9009FD211 /* Debug */,
				0EB23B9E2CC78AE9009FD211 /* Release */,
			);
			defaultConfigurationIsVisible = 0;
			defaultConfigurationName = Release;
		};
		0EB23B9F2CC78AE9009FD211 /* Build configuration list for PBXNativeTarget "ScanIBANUITests" */ = {
			isa = XCConfigurationList;
			buildConfigurations = (
				0EB23BA02CC78AE9009FD211 /* Debug */,
				0EB23BA12CC78AE9009FD211 /* Release */,
			);
			defaultConfigurationIsVisible = 0;
			defaultConfigurationName = Release;
		};
/* End XCConfigurationList section */
	};
	rootObject = 0EB23B6D2CC78AE1009FD211 /* Project object */;
}
